
Microsoft Visual Studio Solution File, Format Version 12.00
# Visual Studio Version 17
VisualStudioVersion = 17.5.33424.131
MinimumVisualStudioVersion = 10.0.40219.1
Project("{FAE04EC0-301F-11D3-BF4B-00C04F79EFBC}") = "MyApiWithKey", "MyApiWithKey\MyApiWithKey.csproj", "{3A782D09-A53E-42B8-9571-B751B1E1E6FF}"
EndProject
Global
	GlobalSection(SolutionConfigurationPlatforms) = preSolution
		Debug|Any CPU = Debug|Any CPU
		Release|Any CPU = Release|Any CPU
	EndGlobalSection
	GlobalSection(ProjectConfigurationPlatforms) = postSolution
		{3A782D09-A53E-42B8-9571-B751B1E1E6FF}.Debug|Any CPU.ActiveCfg = Debug|Any CPU
		{3A782D09-A53E-42B8-9571-B751B1E1E6FF}.Debug|Any CPU.Build.0 = Debug|Any CPU
		{3A782D09-A53E-42B8-9571-B751B1E1E6FF}.Release|Any CPU.ActiveCfg = Release|Any CPU
		{3A782D09-A53E-42B8-9571-B751B1E1E6FF}.Release|Any CPU.Build.0 = Release|Any CPU
	EndGlobalSection
	GlobalSection(SolutionProperties) = preSolution
		HideSolutionNode = FALSE
	EndGlobalSection
	GlobalSection(ExtensibilityGlobals) = postSolution
		SolutionGuid = {3F36FDE3-5C27-4F21-9D0F-CC5742BA5B76}
	EndGlobalSection
EndGlobal
